
Microsoft Visual Studio Solution File, Format Version 12.00
# Visual Studio 2012
Project("{FAE04EC0-301F-11D3-BF4B-00C04F79EFBC}") = "MARTANews", "MARTANews\MARTANews.csproj", "{404AF95A-27E9-4832-A835-628A143DFF4C}"
EndProject
Global
	GlobalSection(SolutionConfigurationPlatforms) = preSolution
		Debug|Any CPU = Debug|Any CPU
		Release|Any CPU = Release|Any CPU
	EndGlobalSection
	GlobalSection(ProjectConfigurationPlatforms) = postSolution
		{404AF95A-27E9-4832-A835-628A143DFF4C}.Debug|Any CPU.ActiveCfg = Debug|Any CPU
		{404AF95A-27E9-4832-A835-628A143DFF4C}.Debug|Any CPU.Build.0 = Debug|Any CPU
		{404AF95A-27E9-4832-A835-628A143DFF4C}.Debug|Any CPU.Deploy.0 = Debug|Any CPU
		{404AF95A-27E9-4832-A835-628A143DFF4C}.Release|Any CPU.ActiveCfg = Release|Any CPU
		{404AF95A-27E9-4832-A835-628A143DFF4C}.Release|Any CPU.Build.0 = Release|Any CPU
		{404AF95A-27E9-4832-A835-628A143DFF4C}.Release|Any CPU.Deploy.0 = Release|Any CPU
	EndGlobalSection
	GlobalSection(SolutionProperties) = preSolution
		HideSolutionNode = FALSE
	EndGlobalSection
EndGlobal
